
Microsoft Visual Studio Solution File, Format Version 12.00
# Visual Studio Version 17
VisualStudioVersion = 17.0.32126.317
MinimumVisualStudioVersion = 10.0.40219.1
Project("{FAE04EC0-301F-11D3-BF4B-00C04F79EFBC}") = "Menus.Interfaces", "Menus.Interfaces\Menus.Interfaces.csproj", "{0468EE20-B8F8-43C9-8EE4-B36112748816}"
EndProject
Project("{FAE04EC0-301F-11D3-BF4B-00C04F79EFBC}") = "Menus.Delegates", "Menus.Delegates\Menus.Delegates.csproj", "{3FF6F858-3EF3-44A7-9904-EDB59D5FB703}"
EndProject
Project("{FAE04EC0-301F-11D3-BF4B-00C04F79EFBC}") = "Menus.Test", "Menus.Test\Menus.Test.csproj", "{F65CF1A6-3DD0-4333-9231-C1258BB2C1F4}"
EndProject
Global
	GlobalSection(SolutionConfigurationPlatforms) = preSolution
		Debug|Any CPU = Debug|Any CPU
		Release|Any CPU = Release|Any CPU
	EndGlobalSection
	GlobalSection(ProjectConfigurationPlatforms) = postSolution
		{0468EE20-B8F8-43C9-8EE4-B36112748816}.Debug|Any CPU.ActiveCfg = Debug|Any CPU
		{0468EE20-B8F8-43C9-8EE4-B36112748816}.Debug|Any CPU.Build.0 = Debug|Any CPU
		{0468EE20-B8F8-43C9-8EE4-B36112748816}.Release|Any CPU.ActiveCfg = Release|Any CPU
		{0468EE20-B8F8-43C9-8EE4-B36112748816}.Release|Any CPU.Build.0 = Release|Any CPU
		{3FF6F858-3EF3-44A7-9904-EDB59D5FB703}.Debug|Any CPU.ActiveCfg = Debug|Any CPU
		{3FF6F858-3EF3-44A7-9904-EDB59D5FB703}.Debug|Any CPU.Build.0 = Debug|Any CPU
		{3FF6F858-3EF3-44A7-9904-EDB59D5FB703}.Release|Any CPU.ActiveCfg = Release|Any CPU
		{3FF6F858-3EF3-44A7-9904-EDB59D5FB703}.Release|Any CPU.Build.0 = Release|Any CPU
		{F65CF1A6-3DD0-4333-9231-C1258BB2C1F4}.Debug|Any CPU.ActiveCfg = Debug|Any CPU
		{F65CF1A6-3DD0-4333-9231-C1258BB2C1F4}.Debug|Any CPU.Build.0 = Debug|Any CPU
		{F65CF1A6-3DD0-4333-9231-C1258BB2C1F4}.Release|Any CPU.ActiveCfg = Release|Any CPU
		{F65CF1A6-3DD0-4333-9231-C1258BB2C1F4}.Release|Any CPU.Build.0 = Release|Any CPU
	EndGlobalSection
	GlobalSection(SolutionProperties) = preSolution
		HideSolutionNode = FALSE
	EndGlobalSection
	GlobalSection(ExtensibilityGlobals) = postSolution
		SolutionGuid = {A957E1B5-E4FC-4416-856B-CDC50E945260}
	EndGlobalSection
EndGlobal
